
Microsoft Visual Studio Solution File, Format Version 12.00
# Visual Studio Version 17
VisualStudioVersion = 17.11.35327.3
MinimumVisualStudioVersion = 10.0.40219.1
Project("{FAE04EC0-301F-11D3-BF4B-00C04F79EFBC}") = "meetTask", "meetTask\meetTask.csproj", "{05803D83-9938-4B1C-ACD0-BEA3FB33F810}"
EndProject
Global
	GlobalSection(SolutionConfigurationPlatforms) = preSolution
		Debug|Any CPU = Debug|Any CPU
		Release|Any CPU = Release|Any CPU
	EndGlobalSection
	GlobalSection(ProjectConfigurationPlatforms) = postSolution
		{05803D83-9938-4B1C-ACD0-BEA3FB33F810}.Debug|Any CPU.ActiveCfg = Debug|Any CPU
		{05803D83-9938-4B1C-ACD0-BEA3FB33F810}.Debug|Any CPU.Build.0 = Debug|Any CPU
		{05803D83-9938-4B1C-ACD0-BEA3FB33F810}.Release|Any CPU.ActiveCfg = Release|Any CPU
		{05803D83-9938-4B1C-ACD0-BEA3FB33F810}.Release|Any CPU.Build.0 = Release|Any CPU
	EndGlobalSection
	GlobalSection(SolutionProperties) = preSolution
		HideSolutionNode = FALSE
	EndGlobalSection
	GlobalSection(ExtensibilityGlobals) = postSolution
		SolutionGuid = {BF17C007-BAFC-4188-84D4-A2357211AE22}
	EndGlobalSection
EndGlobal
